
Microsoft Visual Studio Solution File, Format Version 12.00
# Visual Studio Version 16
VisualStudioVersion = 16.0.31613.86
MinimumVisualStudioVersion = 10.0.40219.1
Project("{FAE04EC0-301F-11D3-BF4B-00C04F79EFBC}") = "RandomJokes.Web", "RandomJokes.Web\RandomJokes.Web.csproj", "{468B2092-5278-4112-8E23-90C7B983A3EB}"
EndProject
Project("{FAE04EC0-301F-11D3-BF4B-00C04F79EFBC}") = "RandomJokes.Data", "RandomJokes.Data\RandomJokes.Data.csproj", "{E8631634-C9DF-454F-BB6A-598219CC94C8}"
EndProject
Global
	GlobalSection(SolutionConfigurationPlatforms) = preSolution
		Debug|Any CPU = Debug|Any CPU
		Release|Any CPU = Release|Any CPU
	EndGlobalSection
	GlobalSection(ProjectConfigurationPlatforms) = postSolution
		{468B2092-5278-4112-8E23-90C7B983A3EB}.Debug|Any CPU.ActiveCfg = Debug|Any CPU
		{468B2092-5278-4112-8E23-90C7B983A3EB}.Debug|Any CPU.Build.0 = Debug|Any CPU
		{468B2092-5278-4112-8E23-90C7B983A3EB}.Release|Any CPU.ActiveCfg = Release|Any CPU
		{468B2092-5278-4112-8E23-90C7B983A3EB}.Release|Any CPU.Build.0 = Release|Any CPU
		{E8631634-C9DF-454F-BB6A-598219CC94C8}.Debug|Any CPU.ActiveCfg = Debug|Any CPU
		{E8631634-C9DF-454F-BB6A-598219CC94C8}.Debug|Any CPU.Build.0 = Debug|Any CPU
		{E8631634-C9DF-454F-BB6A-598219CC94C8}.Release|Any CPU.ActiveCfg = Release|Any CPU
		{E8631634-C9DF-454F-BB6A-598219CC94C8}.Release|Any CPU.Build.0 = Release|Any CPU
	EndGlobalSection
	GlobalSection(SolutionProperties) = preSolution
		HideSolutionNode = FALSE
	EndGlobalSection
	GlobalSection(ExtensibilityGlobals) = postSolution
		SolutionGuid = {90B8DAB1-E297-40BC-8EBA-66851E09687A}
	EndGlobalSection
EndGlobal
